
Microsoft Visual Studio Solution File, Format Version 12.00
# Visual Studio Version 17
VisualStudioVersion = 17.4.33403.182
MinimumVisualStudioVersion = 10.0.40219.1
Project("{FAE04EC0-301F-11D3-BF4B-00C04F79EFBC}") = "Sistema", "Sistema\Sistema.csproj", "{42E5EB8F-B058-46E9-89EC-5C3A23215AC7}"
EndProject
Global
	GlobalSection(SolutionConfigurationPlatforms) = preSolution
		Debug|Any CPU = Debug|Any CPU
		Release|Any CPU = Release|Any CPU
	EndGlobalSection
	GlobalSection(ProjectConfigurationPlatforms) = postSolution
		{42E5EB8F-B058-46E9-89EC-5C3A23215AC7}.Debug|Any CPU.ActiveCfg = Debug|Any CPU
		{42E5EB8F-B058-46E9-89EC-5C3A23215AC7}.Debug|Any CPU.Build.0 = Debug|Any CPU
		{42E5EB8F-B058-46E9-89EC-5C3A23215AC7}.Release|Any CPU.ActiveCfg = Release|Any CPU
		{42E5EB8F-B058-46E9-89EC-5C3A23215AC7}.Release|Any CPU.Build.0 = Release|Any CPU
	EndGlobalSection
	GlobalSection(SolutionProperties) = preSolution
		HideSolutionNode = FALSE
	EndGlobalSection
	GlobalSection(ExtensibilityGlobals) = postSolution
		SolutionGuid = {FDE45C25-D901-48A5-AF3C-088725F07118}
	EndGlobalSection
EndGlobal
